
Microsoft Visual Studio Solution File, Format Version 12.00
# Visual Studio Version 17
VisualStudioVersion = 17.14.36616.10 d17.14
MinimumVisualStudioVersion = 10.0.40219.1
Project("{8BC9CEB8-8B4A-11D0-8D11-00A0C91BC942}") = "Proiect 1", "Proiect 1\Proiect 1.vcxproj", "{3D171286-7929-4DD4-924E-66551F30327B}"
EndProject
Global
	GlobalSection(SolutionConfigurationPlatforms) = preSolution
		Debug|x64 = Debug|x64
		Debug|x86 = Debug|x86
		Release|x64 = Release|x64
		Release|x86 = Release|x86
	EndGlobalSection
	GlobalSection(ProjectConfigurationPlatforms) = postSolution
		{3D171286-7929-4DD4-924E-66551F30327B}.Debug|x64.ActiveCfg = Debug|x64
		{3D171286-7929-4DD4-924E-66551F30327B}.Debug|x64.Build.0 = Debug|x64
		{3D171286-7929-4DD4-924E-66551F30327B}.Debug|x86.ActiveCfg = Debug|Win32
		{3D171286-7929-4DD4-924E-66551F30327B}.Debug|x86.Build.0 = Debug|Win32
		{3D171286-7929-4DD4-924E-66551F30327B}.Release|x64.ActiveCfg = Release|x64
		{3D171286-7929-4DD4-924E-66551F30327B}.Release|x64.Build.0 = Release|x64
		{3D171286-7929-4DD4-924E-66551F30327B}.Release|x86.ActiveCfg = Release|Win32
		{3D171286-7929-4DD4-924E-66551F30327B}.Release|x86.Build.0 = Release|Win32
	EndGlobalSection
	GlobalSection(SolutionProperties) = preSolution
		HideSolutionNode = FALSE
	EndGlobalSection
	GlobalSection(ExtensibilityGlobals) = postSolution
		SolutionGuid = {22F0F19A-21B6-45FC-82F5-7DEBB42CCEF1}
	EndGlobalSection
EndGlobal
